
Microsoft Visual Studio Solution File, Format Version 12.00
# Visual Studio Version 17
VisualStudioVersion = 17.12.35527.113
MinimumVisualStudioVersion = 10.0.40219.1
Project("{FAE04EC0-301F-11D3-BF4B-00C04F79EFBC}") = "Wallet.Api", "WalletAPI\Wallet.Api.csproj", "{C19609C6-6E8C-4CE6-A405-2EF0735CDAB7}"
EndProject
Project("{2150E333-8FDC-42A3-9474-1A3956D46DE8}") = "src", "src", "{7CFC1F59-4A19-4B5E-9955-9EEAE1C278DE}"
EndProject
Project("{2150E333-8FDC-42A3-9474-1A3956D46DE8}") = "02-Application", "02-Application", "{41888336-EE5E-41B5-8D0D-7933CB6975CF}"
EndProject
Project("{2150E333-8FDC-42A3-9474-1A3956D46DE8}") = "03-Domain", "03-Domain", "{31376BB1-31A3-404B-9151-F056992AFE88}"
EndProject
Project("{2150E333-8FDC-42A3-9474-1A3956D46DE8}") = "04-Infrastructure", "04-Infrastructure", "{00E32D32-F923-4F64-B700-3BC2BAFC8BEC}"
EndProject
Project("{2150E333-8FDC-42A3-9474-1A3956D46DE8}") = "01-API", "01-API", "{09F96515-18F4-45D2-81FE-8FF2E8301907}"
EndProject
Project("{2150E333-8FDC-42A3-9474-1A3956D46DE8}") = "05-SharedKernel", "05-SharedKernel", "{959FFAE2-E7EC-4688-8DE2-E1E7B2D3C3DE}"
EndProject
Project("{FAE04EC0-301F-11D3-BF4B-00C04F79EFBC}") = "Wallet.Domain", "WalletAPI.Domain\Wallet.Domain.csproj", "{79BB238E-7BCE-49D1-9D9F-47F99B59C00C}"
EndProject
Project("{FAE04EC0-301F-11D3-BF4B-00C04F79EFBC}") = "Wallet.Application", "WalletAPI.Application\Wallet.Application.csproj", "{2916AE2D-9645-4062-AF67-9AD6BA9E33C4}"
EndProject
Project("{FAE04EC0-301F-11D3-BF4B-00C04F79EFBC}") = "Wallet.Infrastructure", "WalletAPI.Infrastructure\Wallet.Infrastructure.csproj", "{F09AD2EB-CA88-419A-94BE-80B9EFD9320A}"
EndProject
Project("{FAE04EC0-301F-11D3-BF4B-00C04F79EFBC}") = "Wallet.SharedKernel", "WalletAPI.SharedKernel\Wallet.SharedKernel.csproj", "{34F24657-396C-4269-B570-2F7B7A28A83F}"
EndProject
Global
	GlobalSection(SolutionConfigurationPlatforms) = preSolution
		Debug|Any CPU = Debug|Any CPU
		Release|Any CPU = Release|Any CPU
	EndGlobalSection
	GlobalSection(ProjectConfigurationPlatforms) = postSolution
		{C19609C6-6E8C-4CE6-A405-2EF0735CDAB7}.Debug|Any CPU.ActiveCfg = Debug|Any CPU
		{C19609C6-6E8C-4CE6-A405-2EF0735CDAB7}.Debug|Any CPU.Build.0 = Debug|Any CPU
		{C19609C6-6E8C-4CE6-A405-2EF0735CDAB7}.Release|Any CPU.ActiveCfg = Release|Any CPU
		{C19609C6-6E8C-4CE6-A405-2EF0735CDAB7}.Release|Any CPU.Build.0 = Release|Any CPU
		{79BB238E-7BCE-49D1-9D9F-47F99B59C00C}.Debug|Any CPU.ActiveCfg = Debug|Any CPU
		{79BB238E-7BCE-49D1-9D9F-47F99B59C00C}.Debug|Any CPU.Build.0 = Debug|Any CPU
		{79BB238E-7BCE-49D1-9D9F-47F99B59C00C}.Release|Any CPU.ActiveCfg = Release|Any CPU
		{79BB238E-7BCE-49D1-9D9F-47F99B59C00C}.Release|Any CPU.Build.0 = Release|Any CPU
		{2916AE2D-9645-4062-AF67-9AD6BA9E33C4}.Debug|Any CPU.ActiveCfg = Debug|Any CPU
		{2916AE2D-9645-4062-AF67-9AD6BA9E33C4}.Debug|Any CPU.Build.0 = Debug|Any CPU
		{2916AE2D-9645-4062-AF67-9AD6BA9E33C4}.Release|Any CPU.ActiveCfg = Release|Any CPU
		{2916AE2D-9645-4062-AF67-9AD6BA9E33C4}.Release|Any CPU.Build.0 = Release|Any CPU
		{F09AD2EB-CA88-419A-94BE-80B9EFD9320A}.Debug|Any CPU.ActiveCfg = Debug|Any CPU
		{F09AD2EB-CA88-419A-94BE-80B9EFD9320A}.Debug|Any CPU.Build.0 = Debug|Any CPU
		{F09AD2EB-CA88-419A-94BE-80B9EFD9320A}.Release|Any CPU.ActiveCfg = Release|Any CPU
		{F09AD2EB-CA88-419A-94BE-80B9EFD9320A}.Release|Any CPU.Build.0 = Release|Any CPU
		{34F24657-396C-4269-B570-2F7B7A28A83F}.Debug|Any CPU.ActiveCfg = Debug|Any CPU
		{34F24657-396C-4269-B570-2F7B7A28A83F}.Debug|Any CPU.Build.0 = Debug|Any CPU
		{34F24657-396C-4269-B570-2F7B7A28A83F}.Release|Any CPU.ActiveCfg = Release|Any CPU
		{34F24657-396C-4269-B570-2F7B7A28A83F}.Release|Any CPU.Build.0 = Release|Any CPU
	EndGlobalSection
	GlobalSection(SolutionProperties) = preSolution
		HideSolutionNode = FALSE
	EndGlobalSection
	GlobalSection(NestedProjects) = preSolution
		{C19609C6-6E8C-4CE6-A405-2EF0735CDAB7} = {09F96515-18F4-45D2-81FE-8FF2E8301907}
		{41888336-EE5E-41B5-8D0D-7933CB6975CF} = {7CFC1F59-4A19-4B5E-9955-9EEAE1C278DE}
		{31376BB1-31A3-404B-9151-F056992AFE88} = {7CFC1F59-4A19-4B5E-9955-9EEAE1C278DE}
		{00E32D32-F923-4F64-B700-3BC2BAFC8BEC} = {7CFC1F59-4A19-4B5E-9955-9EEAE1C278DE}
		{09F96515-18F4-45D2-81FE-8FF2E8301907} = {7CFC1F59-4A19-4B5E-9955-9EEAE1C278DE}
		{959FFAE2-E7EC-4688-8DE2-E1E7B2D3C3DE} = {7CFC1F59-4A19-4B5E-9955-9EEAE1C278DE}
		{79BB238E-7BCE-49D1-9D9F-47F99B59C00C} = {31376BB1-31A3-404B-9151-F056992AFE88}
		{2916AE2D-9645-4062-AF67-9AD6BA9E33C4} = {41888336-EE5E-41B5-8D0D-7933CB6975CF}
		{F09AD2EB-CA88-419A-94BE-80B9EFD9320A} = {00E32D32-F923-4F64-B700-3BC2BAFC8BEC}
		{34F24657-396C-4269-B570-2F7B7A28A83F} = {959FFAE2-E7EC-4688-8DE2-E1E7B2D3C3DE}
	EndGlobalSection
EndGlobal
